// !$*UTF8*$!
{
	archiveVersion = 1;
	classes = {
	};
	objectVersion = 56;
	objects = {

/* Begin PBXBuildFile section */
		8B057585298E52C000A56C9A /* XCAChatGPTMacApp.swift in Sources */ = {isa = PBXBuildFile; fileRef = 8B057584298E52C000A56C9A /* XCAChatGPTMacApp.swift */; };
		8B057589298E52C000A56C9A /* Assets.xcassets in Resources */ = {isa = PBXBuildFile; fileRef = 8B057588298E52C000A56C9A /* Assets.xcassets */; };
		8B05758C298E52C000A56C9A /* Preview Assets.xcassets in Resources */ = {isa = PBXBuildFile; fileRef = 8B05758B298E52C000A56C9A /* Preview Assets.xcassets */; };
		8B057592298E52D900A56C9A /* DotLoadingView.swift in Sources */ = {isa = PBXBuildFile; fileRef = 8B91C017298ADF4E0079AF26 /* DotLoadingView.swift */; };
		8B057593298E52D900A56C9A /* ChatGPTAPI.swift in Sources */ = {isa = PBXBuildFile; fileRef = 8B91C011298AD0CE0079AF26 /* ChatGPTAPI.swift */; };
		8B057594298E52D900A56C9A /* ContentView.swift in Sources */ = {isa = PBXBuildFile; fileRef = 8B91C005298AD09E0079AF26 /* ContentView.swift */; };
		8B057595298E52D900A56C9A /* MessageRowView.swift in Sources */ = {isa = PBXBuildFile; fileRef = 8B91C019298ADF7F0079AF26 /* MessageRowView.swift */; };
		8B057596298E52DD00A56C9A /* ViewModel.swift in Sources */ = {isa = PBXBuildFile; fileRef = 8B91C013298ADC560079AF26 /* ViewModel.swift */; };
		8B057597298E52DD00A56C9A /* MessageRow.swift in Sources */ = {isa = PBXBuildFile; fileRef = 8B91C015298ADC9D0079AF26 /* MessageRow.swift */; };
		8B0575F1298FA9D800A56C9A /* XCAChatGPTWatch Watch App.app in Embed Watch Content */ = {isa = PBXBuildFile; fileRef = 8B0575F0298FA9D800A56C9A /* XCAChatGPTWatch Watch App.app */; settings = {ATTRIBUTES = (RemoveHeadersOnCopy, ); }; };
		8B0575F6298FA9D800A56C9A /* XCAChatGPTWatchApp.swift in Sources */ = {isa = PBXBuildFile; fileRef = 8B0575F5298FA9D800A56C9A /* XCAChatGPTWatchApp.swift */; };
		8B0575FA298FA9DA00A56C9A /* Assets.xcassets in Resources */ = {isa = PBXBuildFile; fileRef = 8B0575F9298FA9DA00A56C9A /* Assets.xcassets */; };
		8B0575FD298FA9DA00A56C9A /* Preview Assets.xcassets in Resources */ = {isa = PBXBuildFile; fileRef = 8B0575FC298FA9DA00A56C9A /* Preview Assets.xcassets */; };
		8B057605298FA9E900A56C9A /* ContentView.swift in Sources */ = {isa = PBXBuildFile; fileRef = 8B91C005298AD09E0079AF26 /* ContentView.swift */; };
		8B057606298FA9E900A56C9A /* MessageRowView.swift in Sources */ = {isa = PBXBuildFile; fileRef = 8B91C019298ADF7F0079AF26 /* MessageRowView.swift */; };
		8B057607298FA9E900A56C9A /* ViewModel.swift in Sources */ = {isa = PBXBuildFile; fileRef = 8B91C013298ADC560079AF26 /* ViewModel.swift */; };
		8B057608298FA9E900A56C9A /* DotLoadingView.swift in Sources */ = {isa = PBXBuildFile; fileRef = 8B91C017298ADF4E0079AF26 /* DotLoadingView.swift */; };
		8B057609298FA9E900A56C9A /* MessageRow.swift in Sources */ = {isa = PBXBuildFile; fileRef = 8B91C015298ADC9D0079AF26 /* MessageRow.swift */; };
		8B05760A298FA9E900A56C9A /* ChatGPTAPI.swift in Sources */ = {isa = PBXBuildFile; fileRef = 8B91C011298AD0CE0079AF26 /* ChatGPTAPI.swift */; };
		8B057614298FBDB600A56C9A /* XCAChatGPTTVApp.swift in Sources */ = {isa = PBXBuildFile; fileRef = 8B057613298FBDB600A56C9A /* XCAChatGPTTVApp.swift */; };
		8B057618298FBDB700A56C9A /* Assets.xcassets in Resources */ = {isa = PBXBuildFile; fileRef = 8B057617298FBDB700A56C9A /* Assets.xcassets */; };
		8B05761B298FBDB700A56C9A /* Preview Assets.xcassets in Resources */ = {isa = PBXBuildFile; fileRef = 8B05761A298FBDB700A56C9A /* Preview Assets.xcassets */; };
		8B05761F298FBE0400A56C9A /* ChatGPTAPI.swift in Sources */ = {isa = PBXBuildFile; fileRef = 8B91C011298AD0CE0079AF26 /* ChatGPTAPI.swift */; };
		8B057620298FBE0400A56C9A /* ContentView.swift in Sources */ = {isa = PBXBuildFile; fileRef = 8B91C005298AD09E0079AF26 /* ContentView.swift */; };
		8B057621298FBE0400A56C9A /* MessageRow.swift in Sources */ = {isa = PBXBuildFile; fileRef = 8B91C015298ADC9D0079AF26 /* MessageRow.swift */; };
		8B057622298FBE0400A56C9A /* MessageRowView.swift in Sources */ = {isa = PBXBuildFile; fileRef = 8B91C019298ADF7F0079AF26 /* MessageRowView.swift */; };
		8B057623298FBE0400A56C9A /* DotLoadingView.swift in Sources */ = {isa = PBXBuildFile; fileRef = 8B91C017298ADF4E0079AF26 /* DotLoadingView.swift */; };
		8B057624298FBE0400A56C9A /* ViewModel.swift in Sources */ = {isa = PBXBuildFile; fileRef = 8B91C013298ADC560079AF26 /* ViewModel.swift */; };
		8B05764829909A9200A56C9A /* ScrollView.swift in Sources */ = {isa = PBXBuildFile; fileRef = 8B05764729909A9200A56C9A /* ScrollView.swift */; };
		8B82463429B1F49F0069B8F7 /* ChatGPTAPIModels.swift in Sources */ = {isa = PBXBuildFile; fileRef = 8B82463329B1F49F0069B8F7 /* ChatGPTAPIModels.swift */; };
		8B82463529B1F49F0069B8F7 /* ChatGPTAPIModels.swift in Sources */ = {isa = PBXBuildFile; fileRef = 8B82463329B1F49F0069B8F7 /* ChatGPTAPIModels.swift */; };
		8B82463629B1F49F0069B8F7 /* ChatGPTAPIModels.swift in Sources */ = {isa = PBXBuildFile; fileRef = 8B82463329B1F49F0069B8F7 /* ChatGPTAPIModels.swift */; };
		8B82463729B1F49F0069B8F7 /* ChatGPTAPIModels.swift in Sources */ = {isa = PBXBuildFile; fileRef = 8B82463329B1F49F0069B8F7 /* ChatGPTAPIModels.swift */; };
		8B91C004298AD09E0079AF26 /* XCAChatGPTApp.swift in Sources */ = {isa = PBXBuildFile; fileRef = 8B91C003298AD09E0079AF26 /* XCAChatGPTApp.swift */; };
		8B91C006298AD09E0079AF26 /* ContentView.swift in Sources */ = {isa = PBXBuildFile; fileRef = 8B91C005298AD09E0079AF26 /* ContentView.swift */; };
		8B91C008298AD09F0079AF26 /* Assets.xcassets in Resources */ = {isa = PBXBuildFile; fileRef = 8B91C007298AD09F0079AF26 /* Assets.xcassets */; };
		8B91C00B298AD09F0079AF26 /* Preview Assets.xcassets in Resources */ = {isa = PBXBuildFile; fileRef = 8B91C00A298AD09F0079AF26 /* Preview Assets.xcassets */; };
		8B91C012298AD0CE0079AF26 /* ChatGPTAPI.swift in Sources */ = {isa = PBXBuildFile; fileRef = 8B91C011298AD0CE0079AF26 /* ChatGPTAPI.swift */; };
		8B91C014298ADC560079AF26 /* ViewModel.swift in Sources */ = {isa = PBXBuildFile; fileRef = 8B91C013298ADC560079AF26 /* ViewModel.swift */; };
		8B91C016298ADC9D0079AF26 /* MessageRow.swift in Sources */ = {isa = PBXBuildFile; fileRef = 8B91C015298ADC9D0079AF26 /* MessageRow.swift */; };
		8B91C018298ADF4E0079AF26 /* DotLoadingView.swift in Sources */ = {isa = PBXBuildFile; fileRef = 8B91C017298ADF4E0079AF26 /* DotLoadingView.swift */; };
		8B91C01A298ADF7F0079AF26 /* MessageRowView.swift in Sources */ = {isa = PBXBuildFile; fileRef = 8B91C019298ADF7F0079AF26 /* MessageRowView.swift */; };
/* End PBXBuildFile section */

/* Begin PBXContainerItemProxy section */
		8B0575F2298FA9D800A56C9A /* PBXContainerItemProxy */ = {
			isa = PBXContainerItemProxy;
			containerPortal = 8B91BFF8298AD09E0079AF26 /* Project object */;
			proxyType = 1;
			remoteGlobalIDString = 8B0575EF298FA9D800A56C9A;
			remoteInfo = "XCAChatGPTWatch Watch App";
		};
/* End PBXContainerItemProxy section */

/* Begin PBXCopyFilesBuildPhase section */
		8B057600298FA9DA00A56C9A /* Embed Watch Content */ = {
			isa = PBXCopyFilesBuildPhase;
			buildActionMask = 2147483647;
			dstPath = "$(CONTENTS_FOLDER_PATH)/Watch";
			dstSubfolderSpec = 16;
			files = (
				8B0575F1298FA9D800A56C9A /* XCAChatGPTWatch Watch App.app in Embed Watch Content */,
			);
			name = "Embed Watch Content";
			runOnlyForDeploymentPostprocessing = 0;
		};
/* End PBXCopyFilesBuildPhase section */

/* Begin PBXFileReference section */
		8B057582298E52C000A56C9A /* XCAChatGPTMac.app */ = {isa = PBXFileReference; explicitFileType = wrapper.application; includeInIndex = 0; path = XCAChatGPTMac.app; sourceTree = BUILT_PRODUCTS_DIR; };
		8B057584298E52C000A56C9A /* XCAChatGPTMacApp.swift */ = {isa = PBXFileReference; lastKnownFileType = sourcecode.swift; path = XCAChatGPTMacApp.swift; sourceTree = "<group>"; };
		8B057588298E52C000A56C9A /* Assets.xcassets */ = {isa = PBXFileReference; lastKnownFileType = folder.assetcatalog; path = Assets.xcassets; sourceTree = "<group>"; };
		8B05758B298E52C000A56C9A /* Preview Assets.xcassets */ = {isa = PBXFileReference; lastKnownFileType = folder.assetcatalog; path = "Preview Assets.xcassets"; sourceTree = "<group>"; };
		8B05758D298E52C000A56C9A /* XCAChatGPTMac.entitlements */ = {isa = PBXFileReference; lastKnownFileType = text.plist.entitlements; path = XCAChatGPTMac.entitlements; sourceTree = "<group>"; };
		8B0575EB298FA9D800A56C9A /* XCAChatGPTWatch.app */ = {isa = PBXFileReference; explicitFileType = wrapper.application; includeInIndex = 0; path = XCAChatGPTWatch.app; sourceTree = BUILT_PRODUCTS_DIR; };
		8B0575F0298FA9D800A56C9A /* XCAChatGPTWatch Watch App.app */ = {isa = PBXFileReference; explicitFileType = wrapper.application; includeInIndex = 0; path = "XCAChatGPTWatch Watch App.app"; sourceTree = BUILT_PRODUCTS_DIR; };
		8B0575F5298FA9D800A56C9A /* XCAChatGPTWatchApp.swift */ = {isa = PBXFileReference; lastKnownFileType = sourcecode.swift; path = XCAChatGPTWatchApp.swift; sourceTree = "<group>"; };
		8B0575F9298FA9DA00A56C9A /* Assets.xcassets */ = {isa = PBXFileReference; lastKnownFileType = folder.assetcatalog; path = Assets.xcassets; sourceTree = "<group>"; };
		8B0575FC298FA9DA00A56C9A /* Preview Assets.xcassets */ = {isa = PBXFileReference; lastKnownFileType = folder.assetcatalog; path = "Preview Assets.xcassets"; sourceTree = "<group>"; };
		8B057611298FBDB600A56C9A /* XCAChatGPTTV.app */ = {isa = PBXFileReference; explicitFileType = wrapper.application; includeInIndex = 0; path = XCAChatGPTTV.app; sourceTree = BUILT_PRODUCTS_DIR; };
		8B057613298FBDB600A56C9A /* XCAChatGPTTVApp.swift */ = {isa = PBXFileReference; lastKnownFileType = sourcecode.swift; path = XCAChatGPTTVApp.swift; sourceTree = "<group>"; };
		8B057617298FBDB700A56C9A /* Assets.xcassets */ = {isa = PBXFileReference; lastKnownFileType = folder.assetcatalog; path = Assets.xcassets; sourceTree = "<group>"; };
		8B05761A298FBDB700A56C9A /* Preview Assets.xcassets */ = {isa = PBXFileReference; lastKnownFileType = folder.assetcatalog; path = "Preview Assets.xcassets"; sourceTree = "<group>"; };
		8B05764729909A9200A56C9A /* ScrollView.swift */ = {isa = PBXFileReference; lastKnownFileType = sourcecode.swift; path = ScrollView.swift; sourceTree = "<group>"; };
		8B82463329B1F49F0069B8F7 /* ChatGPTAPIModels.swift */ = {isa = PBXFileReference; lastKnownFileType = sourcecode.swift; path = ChatGPTAPIModels.swift; sourceTree = "<group>"; };
		8B91C000298AD09E0079AF26 /* XCAChatGPT.app */ = {isa = PBXFileReference; explicitFileType = wrapper.application; includeInIndex = 0; path = XCAChatGPT.app; sourceTree = BUILT_PRODUCTS_DIR; };
		8B91C003298AD09E0079AF26 /* XCAChatGPTApp.swift */ = {isa = PBXFileReference; lastKnownFileType = sourcecode.swift; path = XCAChatGPTApp.swift; sourceTree = "<group>"; };
		8B91C005298AD09E0079AF26 /* ContentView.swift */ = {isa = PBXFileReference; lastKnownFileType = sourcecode.swift; path = ContentView.swift; sourceTree = "<group>"; };
		8B91C007298AD09F0079AF26 /* Assets.xcassets */ = {isa = PBXFileReference; lastKnownFileType = folder.assetcatalog; path = Assets.xcassets; sourceTree = "<group>"; };
		8B91C00A298AD09F0079AF26 /* Preview Assets.xcassets */ = {isa = PBXFileReference; lastKnownFileType = folder.assetcatalog; path = "Preview Assets.xcassets"; sourceTree = "<group>"; };
		8B91C011298AD0CE0079AF26 /* ChatGPTAPI.swift */ = {isa = PBXFileReference; lastKnownFileType = sourcecode.swift; path = ChatGPTAPI.swift; sourceTree = "<group>"; };
		8B91C013298ADC560079AF26 /* ViewModel.swift */ = {isa = PBXFileReference; lastKnownFileType = sourcecode.swift; path = ViewModel.swift; sourceTree = "<group>"; };
		8B91C015298ADC9D0079AF26 /* MessageRow.swift */ = {isa = PBXFileReference; lastKnownFileType = sourcecode.swift; path = MessageRow.swift; sourceTree = "<group>"; };
		8B91C017298ADF4E0079AF26 /* DotLoadingView.swift */ = {isa = PBXFileReference; lastKnownFileType = sourcecode.swift; path = DotLoadingView.swift; sourceTree = "<group>"; };
		8B91C019298ADF7F0079AF26 /* MessageRowView.swift */ = {isa = PBXFileReference; lastKnownFileType = sourcecode.swift; path = MessageRowView.swift; sourceTree = "<group>"; };
/* End PBXFileReference section */

/* Begin PBXFrameworksBuildPhase section */
		8B05757F298E52C000A56C9A /* Frameworks */ = {
			isa = PBXFrameworksBuildPhase;
			buildActionMask = 2147483647;
			files = (
			);
			runOnlyForDeploymentPostprocessing = 0;
		};
		8B0575ED298FA9D800A56C9A /* Frameworks */ = {
			isa = PBXFrameworksBuildPhase;
			buildActionMask = 2147483647;
			files = (
			);
			runOnlyForDeploymentPostprocessing = 0;
		};
		8B05760E298FBDB600A56C9A /* Frameworks */ = {
			isa = PBXFrameworksBuildPhase;
			buildActionMask =