// !$*UTF8*$!
{
	archiveVersion = 1;
	classes = {
	};
	objectVersion = 56;
	objects = {

/* Begin PBXBuildFile section */
		8B057585298E52C000A56C9A /* XCAChatGPTMacApp.swift in Sources */ = {isa = PBXBuildFile; fileRef = 8B057584298E52C000A56C9A /* XCAChatGPTMacApp.swift */; };
		8B057589298E52C000A56C9A /* Assets.xcassets in Resources */ = {isa = PBXBuildFile; fileRef = 8B057588298E52C000A56C9A /* Assets.xcassets */; };
		8B05758C298E52C000A56C9A /* Preview Assets.xcassets in Resources */ = {isa = PBXBuildFile; fileRef = 8B05758B298E52C000A56C9A /* Preview Assets.xcassets */; };
		8B057592298E52D900A56C9A /* DotLoadingView.swift in Sources */ = {isa = PBXBuildFile; fileRef = 8B91C017298ADF4E0079AF26 /* DotLoadingView.swift */; };
		8B057593298E52D900A56C9A /* ChatGPTAPI.swift in Sources */ = {isa = PBXBuildFile; fileRef = 8B91C011298AD0CE0079AF26 /* ChatGPTAPI.swift */; };
		8B057594298E52D900A56C9A /* ContentView.swift in Sources */ = {isa = PBXBuildFile; fileRef = 8B91C005298AD09E0079